// !$*UTF8*$!
{
	archiveVersion = 1;
	classes = {
	};
	objectVersion = 56;
	objects = {

/* Begin PBXBuildFile section */
		BB77A3742B06474400D097E0 /* HomeCell.swift in Sources */ = {isa = PBXBuildFile; fileRef = BB77A3732B06474400D097E0 /* HomeCell.swift */; };
		BB77A3772B0647F900D097E0 /* HomeDataSource.swift in Sources */ = {isa = PBXBuildFile; fileRef = BB77A3762B0647F900D097E0 /* HomeDataSource.swift */; };
		BB77A37D2B07685800D097E0 /* DetailedTransactionPresenter.swift in Sources */ = {isa = PBXBuildFile; fileRef = BB77A37C2B07685800D097E0 /* DetailedTransactionPresenter.swift */; };
		BB77A37F2B07687700D097E0 /* DetailedTransactionOutput.swift in Sources */ = {isa = PBXBuildFile; fileRef = BB77A37E2B07687700D097E0 /* DetailedTransactionOutput.swift */; };
		BB77A3812B0768B900D097E0 /* DetailedTransactionInput.swift in Sources */ = {isa = PBXBuildFile; fileRef = BB77A3802B0768B900D097E0 /* DetailedTransactionInput.swift */; };
		BB77A3832B0768F000D097E0 /* DetailedTransactionViewController.swift in Sources */ = {isa = PBXBuildFile; fileRef = BB77A3822B0768F000D097E0 /* DetailedTransactionViewController.swift */; };
		BB77A3862B076BD500D097E0 /* HomeCoordinator.swift in Sources */ = {isa = PBXBuildFile; fileRef = BB77A3852B076BD500D097E0 /* HomeCoordinator.swift */; };
		BB77A3882B076CD300D097E0 /* HomePresenterOutput.swift in Sources */ = {isa = PBXBuildFile; fileRef = BB77A3872B076CD300D097E0 /* HomePresenterOutput.swift */; };
		BB77A38B2B078AD200D097E0 /* DetailedTransactionAssembly.swift in Sources */ = {isa = PBXBuildFile; fileRef = BB77A38A2B078AD200D097E0 /* DetailedTransactionAssembly.swift */; };
		BB8031412B04BDEB000D8307 /* AppDelegate.swift in Sources */ = {isa = PBXBuildFile; fileRef = BB8031402B04BDEB000D8307 /* AppDelegate.swift */; };
		BB8031432B04BDEB000D8307 /* SceneDelegate.swift in Sources */ = {isa = PBXBuildFile; fileRef = BB8031422B04BDEB000D8307 /* SceneDelegate.swift */; };
		BB80314A2B04BDEF000D8307 /* Assets.xcassets in Resources */ = {isa = PBXBuildFile; fileRef = BB8031492B04BDEF000D8307 /* Assets.xcassets */; };
		BB80314D2B04BDEF000D8307 /* LaunchScreen.storyboard in Resources */ = {isa = PBXBuildFile; fileRef = BB80314B2B04BDEF000D8307 /* LaunchScreen.storyboard */; };
		BB8031552B04C8B5000D8307 /* HomeViewController.swift in Sources */ = {isa = PBXBuildFile; fileRef = BB8031542B04C8B5000D8307 /* HomeViewController.swift */; };
		BB80315F2B04CCCE000D8307 /* Extensions.swift in Sources */ = {isa = PBXBuildFile; fileRef = BB80315E2B04CCCE000D8307 /* Extensions.swift */; };
		BB8031612B04F3DD000D8307 /* HomePresenter.swift in Sources */ = {isa = PBXBuildFile; fileRef = BB8031602B04F3DD000D8307 /* HomePresenter.swift */; };
		BB8031632B04F3F1000D8307 /* HomeInput.swift in Sources */ = {isa = PBXBuildFile; fileRef = BB8031622B04F3F1000D8307 /* HomeInput.swift */; };
		BB8031652B04F40B000D8307 /* HomeOutput.swift in Sources */ = {isa = PBXBuildFile; fileRef = BB8031642B04F40B000D8307 /* HomeOutput.swift */; };
		BB8031692B0507A3000D8307 /* SnapKit in Frameworks */ = {isa = PBXBuildFile; productRef = BB8031682B0507A3000D8307 /* SnapKit */; };
/* End PBXBuildFile section */

/* Begin PBXFileReference section */
		BB77A3732B06474400D097E0 /* HomeCell.swift */ = {isa = PBXFileReference; lastKnownFileType = sourcecode.swift; path = HomeCell.swift; sourceTree = "<group>"; };
		BB77A3762B0647F900D097E0 /* HomeDataSource.swift */ = {isa = PBXFileReference; lastKnownFileType = sourcecode.swift; path = HomeDataSource.swift; sourceTree = "<group>"; };
		BB77A37C2B07685800D097E0 /* DetailedTransactionPresenter.swift */ = {isa = PBXFileReference; lastKnownFileType = sourcecode.swift; path = DetailedTransactionPresenter.swift; sourceTree = "<group>"; };
		BB77A37E2B07687700D097E0 /* DetailedTransactionOutput.swift */ = {isa = PBXFileReference; lastKnownFileType = sourcecode.swift; path = DetailedTransactionOutput.swift; sourceTree = "<group>"; };
		BB77A3802B0768B900D097E0 /* DetailedTransactionInput.swift */ = {isa = PBXFileReference; lastKnownFileType = sourcecode.swift; path = DetailedTransactionInput.swift; sourceTree = "<group>"; };
		BB77A3822B0768F000D097E0 /* DetailedTransactionViewController.swift */ = {isa = PBXFileReference; lastKnownFileType = sourcecode.swift; path = DetailedTransactionViewController.swift; sourceTree = "<group>"; };
		BB77A3852B076BD500D097E0 /* HomeCoordinator.swift */ = {isa = PBXFileReference; lastKnownFileType = sourcecode.swift; path = HomeCoordinator.swift; sourceTree = "<group>"; };
		BB77A3872B076CD300D097E0 /* HomePresenterOutput.swift */ = {isa = PBXFileReference; lastKnownFileType = sourcecode.swift; path = HomePresenterOutput.swift; sourceTree = "<group>"; };
		BB77A38A2B078AD200D097E0 /* DetailedTransactionAssembly.swift */ = {isa = PBXFileReference; lastKnownFileType = sourcecode.swift; path = DetailedTransactionAssembly.swift; sourceTree = "<group>"; };
		BB80313D2B04BDEB000D8307 /* Revenue.app */ = {isa = PBXFileReference; explicitFileType = wrapper.application; includeInIndex = 0; path = Revenue.app; sourceTree = BUILT_PRODUCTS_DIR; };
		BB8031402B04BDEB000D8307 /* AppDelegate.swift */ = {isa = PBXFileReference; lastKnownFileType = sourcecode.swift; path = AppDelegate.swift; sourceTree = "<group>"; };
		BB8031422B04BDEB000D8307 /* SceneDelegate.swift */ = {isa = PBXFileReference; lastKnownFileType = sourcecode.swift; path = SceneDelegate.swift; sourceTree = "<group>"; };
		BB8031492B04BDEF000D8307 /* Assets.xcassets */ = {isa = PBXFileReference; lastKnownFileType = folder.assetcatalog; path = Assets.xcassets; sourceTree = "<group>"; };
		BB80314C2B04BDEF000D8307 /* Base */ = {isa = PBXFileReference; lastKnownFileType = file.storyboard; name = Base; path = Base.lproj/LaunchScreen.storyboard; sourceTree = "<group>"; };
		BB80314E2B04BDEF000D8307 /* Info.plist */ = {isa = PBXFileReference; lastKnownFileType = text.plist.xml; path = Info.plist; sourceTree = "<group>"; };
		BB8031542B04C8B5000D8307 /* HomeViewController.swift */ = {isa = PBXFileReference; lastKnownFileType = sourcecode.swift; path = HomeViewController.swift; sourceTree = "<group>"; };
		BB80315E2B04CCCE000D8307 /* Extensions.swift */ = {isa = PBXFileReference; lastKnownFileType = sourcecode.swift; path = Extensions.swift; sourceTree = "<group>"; };
		BB8031602B04F3DD000D8307 /* HomePresenter.swift */ = {isa = PBXFileReference; lastKnownFileType = sourcecode.swift; path = HomePresenter.swift; sourceTree = "<group>"; };
		BB8031622B04F3F1000D8307 /* HomeInput.swift */ = {isa = PBXFileReference; lastKnownFileType = sourcecode.swift; path = HomeInput.swift; sourceTree = "<group>"; };
		BB8031642B04F40B000D8307 /* HomeOutput.swift */ = {isa = PBXFileReference; lastKnownFileType = sourcecode.swift; path = HomeOutput.swift; sourceTree = "<group>"; };
/* End PBXFileReference section */

/* Begin PBXFrameworksBuildPhase section */
		BB80313A2B04BDEB000D8307 /* Frameworks */ = {
			isa = PBXFrameworksBuildPhase;
			buildActionMask = 2147483647;
			files = (
				BB8031692B0507A3000D8307 /* SnapKit in Frameworks */,
			);
			runOnlyForDeploymentPostprocessing = 0;
		};
/* End PBXFrameworksBuildPhase section */

/* Begin PBXGroup section */
		BB77A3752B0647CF00D097E0 /* DataSource */ = {
			isa = PBXGroup;
			children = (
				BB77A3762B0647F900D097E0 /* HomeDataSource.swift */,
			);
			path = DataSource;
			sourceTree = "<group>";
		};
		BB77A3782B0767FF00D097E0 /* Home */ = {
			isa = PBXGroup;
			children = (
				BB80315B2B04CC96000D8307 /* Presenter */,
				BB80315A2B04CC8E000D8307 /* View */,
				BB77A3752B0647CF00D097E0 /* DataSource */,
			);
			path = Home;
			sourceTree = "<group>";
		};
		BB77A3792B07680900D097E0 /* DetailedTransaction */ = {
			isa = PBXGroup;
			children = (
				BB77A37B2B07684600D097E0 /* Presenter */,
				BB77A37A2B07684200D097E0 /* View */,
			);
			path = DetailedTransaction;
			sourceTree = "<group>";
		};
		BB77A37A2B07684200D097E0 /* View */ = {
			isa = PBXGroup;
			children = (
				BB77A3822B0768F000D097E0 /* DetailedTransactionViewController.swift */,
				BB77A3802B0768B900D097E0 /* DetailedTransactionInput.swift */,
				BB77A37E2B07687700D097E0 /* DetailedTransactionOutput.swift */,
			);
			path = View;
			sourceTree = "<group>";
		};
		BB77A37B2B07684600D097E0 /* Presenter */ = {
			isa = PBXGroup;
			children = (
				BB77A37C2B07685800D097E0 /* DetailedTransactionPresenter.swift */,
			);
			path = Presenter;
			sourceTree = "<group>";
		};
		BB77A3842B076BBE00D097E0 /* Coordinator */ = {
			isa = PBXGroup;
			children = (
				BB77A3852B076BD500D097E0 /* HomeCoordinator.swift */,
			);
			path = Coordinator;
			sourceTree = "<group>";
		};
		BB77A3892B078AB900D097E0 /* Assembly */ = {
			isa = PBXGroup;
			children = (
				BB77A38A2B078AD200D097E0 /* DetailedTransactionAssembly.swift */,
			);
			path = Assembly;
			sourceTree = "<group>";
		};
		BB8031342B04BDEA000D8307 = {
			isa = PBXGroup;
			children = (
				BB80313F2B04BDEB000D8307 /* Revenue */,
				BB80313E2B04BDEB000D8307 /* Products */,
			);
			sourceTree = "<group>";
		};
		BB80313E2B04BDEB000D8307 /* Products */ = {
			isa = PBXGroup;
			children = (
				BB80313D2B04BDEB000D8307 /* Revenue.app */,
			);
			name = Products;
			sourceTree = "<group>";
		};
		BB80313F2B04BDEB000D8307 /* Revenue */ = {
			isa = PBXGroup;
			children = (
				BB80315C2B04CC9C000D8307 /* App */,
				BB77A3892B078AB900D097E0 /* Assembly */,
				BB8031582B04CC78000D8307 /* Model */,
				BB77A3842B076BBE00D097E0 /* Coordinator */,
				BB8031592B04CC81000D8307 /* Presentation */,
				BB80315D2B04CCC1000D8307 /* Utils */,
				BB80314E2B04BDEF000D8307 /* Info.plist */,
			);
			path = Revenue;
			sourceTree = "<group>";
		};
		BB8031582B04CC78000D8307 /* Model */ = {
			isa = PBXGroup;
			children = (
			);
			path = Model;
			sourceTree = "<group>";
		};
		BB8031592B04CC81000D8307 /* Presentation */ = {
			isa = PBXGroup;
			children = (
				BB77A3782B0767FF00D097E0 /* Home */,
				BB77A3792B07680900D097E0 /* DetailedTransaction */,
			);
			path = Presentation;
			sourceTree = "<group>";
		};
		BB80315A2B04CC8E000D8307 /* View */ = {
			isa = PBXGroup;
			children = (
				BB8031542B04C8B5000D8307 /* HomeViewController.swift */,
				BB8031622B04F3F1000D8307 /* HomeInput.swift */,
				BB8031642B04F40B000D8307 /* HomeOutput.swift */,
				BB77A3732B06474400D097E0 /* HomeCell.swift */,
			);
			path = View;
			sourceTree = "<group>";
		};
		BB80315B2B04CC96000D8307 /* Presenter */ = {
			isa = PBXGroup;
			children = (
				BB8031602B04F3DD000D8307 /* HomePresenter.swift */,
				BB77A3872B076CD300D097E0 /* HomePresenterOutput.swift */,
			);
			path = Presenter;
			sourceTree = "<group>";
		};
		BB80315C2B04CC9C000D8307 /* App */ = {
			isa = PBXGroup;
			children = (
				BB8031402B04BDEB000D8307 /* AppDelegate.swift */,
				BB8031422B04BDEB000D8307 /* SceneDelegate.swift */,
				BB8031492B04BDEF000D8307 /* Assets.xcassets */,
				BB80314B2B04BDEF000D8307 /* LaunchScreen.storyboard */,
			);
			path = App;
			sourceTree = "<group>";
		};
		BB80315D2B04CCC1000D8307 /* Utils */ = {
			isa = PBXGroup;
			children = (
				BB80315E2B04CCCE000D8307 /* Extensions.swift */,
			);
			path = Utils;
			sourceTree = "<group>";
		};
/* End PBXGroup section */

/* Begin PBXNativeTarget section */
		BB80313C2B04BDEB000D8307 /* Revenue */ = {
			isa = PBXNativeTarget;
			buildConfigurationList = BB8031512B04BDEF000D8307 /* Build configuration list for PBXNativeTarget "Revenue" */;
			buildPhases = (
				BB8031392B04BDEB000D8307 /* Sources */,
				BB80313A2B04BDEB000D8307 /* Frameworks */,
				BB80313B2B04BDEB000D8307 /* Resources */,
			);
			buildRules = (
			);
			dependencies = (
			);
			name = Revenue;
			packageProductDependencies = (
				BB8031682B0507A3000D8307 /* SnapKit */,
			);
			productName = Revenue;
			productReference = BB80313D2B04BDEB000D8307 /* Revenue.app */;
			productType = "com.apple.product-type.application";
		};
/* End PBXNativeTarget section */

/* Begin PBXProject section */
		BB8031352B04BDEA000D8307 /* Project object */ = {
			isa = PBXProject;
			attributes = {
				BuildIndependentTargetsInParallel = 1;
				LastSwiftUpdateCheck = 1420;
				LastUpgradeCheck = 1420;
				TargetAttributes = {
					BB80313C2B04BDEB000D8307 = {
						CreatedOnToolsVersion = 14.2;
					};
				};
			};
			buildConfigurationList = BB8031382B04BDEA000D8307 /* Build configuration list for PBXProject "Revenue" */;
			compatibilityVersion = "Xcode 14.0";
			developmentRegion = en;
			hasScannedForEncodings = 0;
			knownRegions = (
				en,
				Base,
			);
			mainGroup = BB8031342B04BDEA000D8307;
			packageReferences = (
				BB8031672B0507A3000D8307 /* XCRemoteSwiftPackageReference "SnapKit" */,
			);
			productRefGroup = BB80313E2B04BDEB000D8307 /* Products */;
			projectDirPath = "";
			projectRoot = "";
			targets = (
				BB80313C2B04BDEB000D8307 /* Revenue */,
			);
		};
/* End PBXProject section */

/* Begin PBXResourcesBuildPhase section */
		BB80313B2B04BDEB000D8307 /* Resources */ = {
			isa = PBXResourcesBuildPhase;
			buildActionMask = 2147483647;
			files = (
				BB80314D2B04BDEF000D8307 /* LaunchScreen.storyboard in Resources */,
				BB80314A2B04BDEF000D8307 /* Assets.xcassets in Resources */,
			);
			runOnlyForDeploymentPostprocessing = 0;
		};
/* End PBXResourcesBuildPhase section */

/* Begin PBXSourcesBuildPhase section */
		BB8031392B04BDEB000D8307 /* Sources */ = {
			isa = PBXSourcesBuildPhase;
			buildActionMask = 2147483647;
			files = (
				BB8031652B04F40B000D8307 /* HomeOutput.swift in Sources */,
				BB77A3882B076CD300D097E0 /* HomePresenterOutput.swift in Sources */,
				BB8031412B04BDEB000D8307 /* AppDelegate.swift in Sources */,
				BB77A3742B06474400D097E0 /* HomeCell.swift in Sources */,
				BB77A37D2B07685800D097E0 /* DetailedTransactionPresenter.swift in Sources */,
				BB8031432B04BDEB000D8307 /* SceneDelegate.swift in Sources */,
				BB77A3862B076BD500D097E0 /* HomeCoordinator.swift in Sources */,
				BB8031552B04C8B5000D8307 /* HomeViewController.swift in Sources */,
				BB8031612B04F3DD000D8307 /* HomePresenter.swift in Sources */,
				BB77A3812B0768B900D097E0 /* DetailedTransactionInput.swift in Sources */,
				BB77A38B2B078AD200D097E0 /* DetailedTransactionAssembly.swift in Sources */,
				BB77A37F2B07687700D097E0 /* DetailedTransactionOutput.swift in Sources */,
				BB80315F2B04CCCE000D8307 /* Extensions.swift in Sources */,
				BB77A3772B0647F900D097E0 /* HomeDataSource.swift in Sources */,
				BB77A3832B0768F000D097E0 /* DetailedTransactionViewController.swift in Sources */,
				BB8031632B04F3F1000D8307 /* HomeInput.swift in Sources */,
			);
			runOnlyForDeploymentPostprocessing = 0;
		};
/* End PBXSourcesBuildPhase section */

/* Begin PBXVariantGroup section */
		BB80314B2B04BDEF000D8307 /* LaunchScreen.storyboard */ = {
			isa = PBXVariantGroup;
			children = (
				BB80314C2B04BDEF000D8307 /* Base */,
			);
			name = LaunchScreen.storyboard;
			sourceTree = "<group>";
		};
/* End PBXVariantGroup section */

/* Begin XCBuildConfiguration section */
		BB80314F2B04BDEF000D8307 /* Debug */ = {
			isa = XCBuildConfiguration;
			buildSettings = {
				ALWAYS_SEARCH_USER_PATHS = NO;
				CLANG_ANALYZER_NONNULL = YES;
				CLANG_ANALYZER_NUMBER_OBJECT_CONVERSION = YES_AGGRESSIVE;
				CLANG_CXX_LANGUAGE_STANDARD = "gnu++20";
				CLANG_ENABLE_MODULES = YES;
				CLANG_ENABLE_OBJC_ARC = YES;
				CLANG_ENABLE_OBJC_WEAK = YES;
				CLANG_WARN_BLOCK_CAPTURE_AUTORELEASING = YES;
				CLANG_WARN_BOOL_CONVERSION = YES;
				CLANG_WARN_COMMA = YES;
				CLANG_WARN_CONSTANT_CONVERSION = YES;
				CLANG_WARN_DEPRECATED_OBJC_IMPLEMENTATIONS = YES;
				CLANG_WARN_DIRECT_OBJC_ISA_USAGE = YES_ERROR;
				CLANG_WARN_DOCUMENTATION_COMMENTS = YES;
				CLANG_WARN_EMPTY_BODY = YES;
				CLANG_WARN_ENUM_CONVERSION = YES;
				CLANG_WARN_INFINITE_RECURSION = YES;
				CLANG_WARN_INT_CONVERSION = YES;
				CLANG_WARN_NON_LITERAL_NULL_CONVERSION = YES;
				CLANG_WARN_OBJC_IMPLICIT_RETAIN_SELF = YES;
				CLANG_WARN_OBJC_LITERAL_CONVERSION = YES;
				CLANG_WARN_OBJC_ROOT_CLASS = YES_ERROR;
				CLANG_WARN_QUOTED_INCLUDE_IN_FRAMEWORK_HEADER = YES;
				CLANG_WARN_RANGE_LOOP_ANALYSIS = YES;
				CLANG_WARN_STRICT_PROTOTYPES = YES;
				CLANG_WARN_SUSPICIOUS_MOVE = YES;
				CLANG_WARN_UNGUARDED_AVAILABILITY = YES_AGGRESSIVE;
				CLANG_WARN_UNREACHABLE_CODE = YES;
				CLANG_WARN__DUPLICATE_METHOD_MATCH = YES;
				COPY_PHASE_STRIP = NO;
				DEBUG_INFORMATION_FORMAT = dwarf;
				ENABLE_STRICT_OBJC_MSGSEND = YES;
				ENABLE_TESTABILITY = YES;
				GCC_C_LANGUAGE_STANDARD = gnu11;
				GCC_DYNAMIC_NO_PIC = NO;
				GCC_NO_COMMON_BLOCKS = YES;
				GCC_OPTIMIZATION_LEVEL = 0;
				GCC_PREPROCESSOR_DEFINITIONS = (
					"DEBUG=1",
					"$(inherited)",
				);
				GCC_WARN_64_TO_32_BIT_CONVERSION = YES;
				GCC_WARN_ABOUT_RETURN_TYPE = YES_ERROR;
				GCC_WARN_UNDECLARED_SELECTOR = YES;
				GCC_WARN_UNINITIALIZED_AUTOS = YES_AGGRESSIVE;
				GCC_WARN_UNUSED_FUNCTION = YES;
				GCC_WARN_UNUSED_VARIABLE = YES;
				IPHONEOS_DEPLOYMENT_TARGET = 16.2;
				MTL_ENABLE_DEBUG_INFO = INCLUDE_SOURCE;
				MTL_FAST_MATH = YES;
				ONLY_ACTIVE_ARCH = YES;
				SDKROOT = iphoneos;
				SWIFT_ACTIVE_COMPILATION_CONDITIONS = DEBUG;
				SWIFT_OPTIMIZATION_LEVEL = "-Onone";
			};
			name = Debug;
		};
		BB8031502B04BDEF000D8307 /* Release */ = {
			isa = XCBuildConfiguration;
			buildSettings = {
				ALWAYS_SEARCH_USER_PATHS = NO;
				CLANG_ANALYZER_NONNULL = YES;
				CLANG_ANALYZER_NUMBER_OBJECT_CONVERSION = YES_AGGRESSIVE;
				CLANG_CXX_LANGUAGE_STANDARD = "gnu++20";
				CLANG_ENABLE_MODULES = YES;
				CLANG_ENABLE_OBJC_ARC = YES;
				CLANG_ENABLE_OBJC_WEAK = YES;
				CLANG_WARN_BLOCK_CAPTURE_AUTORELEASING = YES;
				CLANG_WARN_BOOL_CONVERSION = YES;
				CLANG_WARN_COMMA = YES;
				CLANG_WARN_CONSTANT_CONVERSION = YES;
				CLANG_WARN_DEPRECATED_OBJC_IMPLEMENTATIONS = YES;
				CLANG_WARN_DIRECT_OBJC_ISA_USAGE = YES_ERROR;
				CLANG_WARN_DOCUMENTATION_COMMENTS = YES;
				CLANG_WARN_EMPTY_BODY = YES;
				CLANG_WARN_ENUM_CONVERSION = YES;
				CLANG_WARN_INFINITE_RECURSION = YES;
				CLANG_WARN_INT_CONVERSION = YES;
				CLANG_WARN_NON_LITERAL_NULL_CONVERSION = YES;
				CLANG_WARN_OBJC_IMPLICIT_RETAIN_SELF = YES;
				CLANG_WARN_OBJC_LITERAL_CONVERSION = YES;
				CLANG_WARN_OBJC_ROOT_CLASS = YES_ERROR;
				CLANG_WARN_QUOTED_INCLUDE_IN_FRAMEWORK_HEADER = YES;
				CLANG_WARN_RANGE_LOOP_ANALYSIS = YES;
				CLANG_WARN_STRICT_PROTOTYPES = YES;
				CLANG_WARN_SUSPICIOUS_MOVE = YES;
				CLANG_WARN_UNGUARDED_AVAILABILITY = YES_AGGRESSIVE;
				CLANG_WARN_UNREACHABLE_CODE = YES;
				CLANG_WARN__DUPLICATE_METHOD_MATCH = YES;
				COPY_PHASE_STRIP = NO;
				DEBUG_INFORMATION_FORMAT = "dwarf-with-dsym";
				ENABLE_NS_ASSERTIONS = NO;
				ENABLE_STRICT_OBJC_MSGSEND = YES;
				GCC_C_LANGUAGE_STANDARD = gnu11;
				GCC_NO_COMMON_BLOCKS = YES;
				GCC_WARN_64_TO_32_BIT_CONVERSION = YES;
				GCC_WARN_ABOUT_RETURN_TYPE = YES_ERROR;
				GCC_WARN_UNDECLARED_SELECTOR = YES;
				GCC_WARN_UNINITIALIZED_AUTOS = YES_AGGRESSIVE;
				GCC_WARN_UNUSED_FUNCTION = YES;
				GCC_WARN_UNUSED_VARIABLE = YES;
				IPHONEOS_DEPLOYMENT_TARGET = 16.2;
				MTL_ENABLE_DEBUG_INFO = NO;
				MTL_FAST_MATH = YES;
				SDKROOT = iphoneos;
				SWIFT_COMPILATION_MODE = wholemodule;
				SWIFT_OPTIMIZATION_LEVEL = "-O";
				VALIDATE_PRODUCT = YES;
			};
			name = Release;
		};
		BB8031522B04BDEF000D8307 /* Debug */ = {
			isa = XCBuildConfiguration;
			buildSettings = {
				ASSETCATALOG_COMPILER_APPICON_NAME = AppIcon;
				ASSETCATALOG_COMPILER_GLOBAL_ACCENT_COLOR_NAME = AccentColor;
				CODE_SIGN_STYLE = Automatic;
				CURRENT_PROJECT_VERSION = 1;
				DEVELOPMENT_TEAM = 4G4D5WHAZT;
				GENERATE_INFOPLIST_FILE = YES;
				INFOPLIST_FILE = Revenue/Info.plist;
				INFOPLIST_KEY_UILaunchStoryboardName = LaunchScreen;
				INFOPLIST_KEY_UISupportedInterfaceOrientations = UIInterfaceOrientationPortrait;
				INFOPLIST_KEY_UISupportedInterfaceOrientations_iPad = "UIInterfaceOrientationLandscapeLeft UIInterfaceOrientationLandscapeRight UIInterfaceOrientationPortrait UIInterfaceOrientationPortraitUpsideDown";
				IPHONEOS_DEPLOYMENT_TARGET = 15.0;
				LD_RUNPATH_SEARCH_PATHS = (
					"$(inherited)",
					"@executable_path/Frameworks",
				);
				MARKETING_VERSION = 1.0;
				PRODUCT_BUNDLE_IDENTIFIER = local.Revenue;
				PRODUCT_NAME = "$(TARGET_NAME)";
				SUPPORTED_PLATFORMS = "iphoneos iphonesimulator";
				SUPPORTS_MACCATALYST = NO;
				SUPPORTS_MAC_DESIGNED_FOR_IPHONE_IPAD = NO;
				SWIFT_EMIT_LOC_STRINGS = YES;
				SWIFT_VERSION = 5.0;
				TARGETED_DEVICE_FAMILY = 1;
			};
			name = Debug;
		};
		BB8031532B04BDEF000D8307 /* Release */ = {
			isa = XCBuildConfiguration;
			buildSettings = {
				ASSETCATALOG_COMPILER_APPICON_NAME = AppIcon;
				ASSETCATALOG_COMPILER_GLOBAL_ACCENT_COLOR_NAME = AccentColor;
				CODE_SIGN_STYLE = Automatic;
				CURRENT_PROJECT_VERSION = 1;
				DEVELOPMENT_TEAM = 4G4D5WHAZT;
				GENERATE_INFOPLIST_FILE = YES;
				INFOPLIST_FILE = Revenue/Info.plist;
				INFOPLIST_KEY_UILaunchStoryboardName = LaunchScreen;
				INFOPLIST_KEY_UISupportedInterfaceOrientations = UIInterfaceOrientationPortrait;
				INFOPLIST_KEY_UISupportedInterfaceOrientations_iPad = "UIInterfaceOrientationLandscapeLeft UIInterfaceOrientationLandscapeRight UIInterfaceOrientationPortrait UIInterfaceOrientationPortraitUpsideDown";
				IPHONEOS_DEPLOYMENT_TARGET = 15.0;
				LD_RUNPATH_SEARCH_PATHS = (
					"$(inherited)",
					"@executable_path/Frameworks",
				);
				MARKETING_VERSION = 1.0;
				PRODUCT_BUNDLE_IDENTIFIER = local.Revenue;
				PRODUCT_NAME = "$(TARGET_NAME)";
				SUPPORTED_PLATFORMS = "iphoneos iphonesimulator";
				SUPPORTS_MACCATALYST = NO;
				SUPPORTS_MAC_DESIGNED_FOR_IPHONE_IPAD = NO;
				SWIFT_EMIT_LOC_STRINGS = YES;
				SWIFT_VERSION = 5.0;
				TARGETED_DEVICE_FAMILY = 1;
			};
			name = Release;
		};
/* End XCBuildConfiguration section */

/* Begin XCConfigurationList section */
		BB8031382B04BDEA000D8307 /* Build configuration list for PBXProject "Revenue" */ = {
			isa = XCConfigurationList;
			buildConfigurations = (
				BB80314F2B04BDEF000D8307 /* Debug */,
				BB8031502B04BDEF000D8307 /* Release */,
			);
			defaultConfigurationIsVisible = 0;
			defaultConfigurationName = Release;
		};
		BB8031512B04BDEF000D8307 /* Build configuration list for PBXNativeTarget "Revenue" */ = {
			isa = XCConfigurationList;
			buildConfigurations = (
				BB8031522B04BDEF000D8307 /* Debug */,
				BB8031532B04BDEF000D8307 /* Release */,
			);
			defaultConfigurationIsVisible = 0;
			defaultConfigurationName = Release;
		};
/* End XCConfigurationList section */

/* Begin XCRemoteSwiftPackageReference section */
		BB8031672B0507A3000D8307 /* XCRemoteSwiftPackageReference "SnapKit" */ = {
			isa = XCRemoteSwiftPackageReference;
			repositoryURL = "https://github.com/SnapKit/SnapKit.git";
			requirement = {
				kind = upToNextMajorVersion;
				minimumVersion = 5.0.0;
			};
		};
/* End XCRemoteSwiftPackageReference section */

/* Begin XCSwiftPackageProductDependency section */
		BB8031682B0507A3000D8307 /* SnapKit */ = {
			isa = XCSwiftPackageProductDependency;
			package = BB8031672B0507A3000D8307 /* XCRemoteSwiftPackageReference "SnapKit" */;
			productName = SnapKit;
		};
/* End XCSwiftPackageProductDependency section */
	};
	rootObject = BB8031352B04BDEA000D8307 /* Project object */;
}
